# THIS IS AN AUTOGENERATED FILE. DO NOT EDIT THIS FILE DIRECTLY.
# yarn lockfile v1


codemirror@5.65.9:
  version "5.65.9"
  resolved "https://registry.yarnpkg.com/codemirror/-/codemirror-5.65.9.tgz#ec70c92aa206ee4c9853d5f1e7c4ed356cdab68c"
  integrity sha512-19Jox5sAKpusTDgqgKB5dawPpQcY+ipQK7xoEI+MVucEF9qqFaXpeqY1KaoyGBso/wHQoDa4HMMxMjdsS3Zzzw==

jquery@^3.6.1:
  version "3.6.1"
  resolved "https://registry.yarnpkg.com/jquery/-/jquery-3.6.1.tgz#fab0408f8b45fc19f956205773b62b292c147a16"
  integrity sha512-opJeO4nCucVnsjiXOE+/PcCgYw9Gwpvs/a6B1LL/lQhwWwpbVEVYDZ1FokFr8PRc7ghYlrFPuyHuiiDNTQxmcw==

jsbi@^3.1.4:
  version "3.2.5"
  resolved "https://registry.yarnpkg.com/jsbi/-/jsbi-3.2.5.tgz#b37bb90e0e5c2814c1c2a1bcd8c729888a2e37d6"
  integrity sha512-aBE4n43IPvjaddScbvWRA2YlTzKEynHzu7MqOyTipdHucf/VxS63ViCjxYRg86M8Rxwbt/GfzHl1kKERkt45fQ==

mathjax@^3.2.2:
  version "3.2.2"
  resolved "https://registry.yarnpkg.com/mathjax/-/mathjax-3.2.2.tgz#c754d7b46a679d7f3fa03543d6b8bf124ddf9f6b"
  integrity sha512-Bt+SSVU8eBG27zChVewOicYs7Xsdt40qm4+UpHyX7k0/O9NliPc+x77k1/FEsPsjKPZGJvtRZM1vO+geW0OhGw==

skulpt@^1.2.0:
  version "1.2.0"
  resolved "https://registry.yarnpkg.com/skulpt/-/skulpt-1.2.0.tgz#ee37764be9d75811f69bd4e573dbdecbd1743a80"
  integrity sha512-T0cv0sdSOXLlIJTuyXSeYJ3TFdWYSZfX2PcBLpRKrKZ3dTbVQXRMiYudSuko2xzcyMif47DS2ShatCwjCbsSsA==
  dependencies:
    jsbi "^3.1.4"
